
Microsoft Visual Studio Solution File, Format Version 12.00
# Visual Studio Version 16
VisualStudioVersion = 16.0.31515.178
MinimumVisualStudioVersion = 10.0.40219.1
Project("{FAE04EC0-301F-11D3-BF4B-00C04F79EFBC}") = "Elearn", "Elearn.csproj", "{C2AE0192-0BF5-4F2C-91DE-84691174A56D}"
EndProject
Global
	GlobalSection(SolutionConfigurationPlatforms) = preSolution
		Debug|Any CPU = Debug|Any CPU
		Release|Any CPU = Release|Any CPU
	EndGlobalSection
	GlobalSection(ProjectConfigurationPlatforms) = postSolution
		{C2AE0192-0BF5-4F2C-91DE-84691174A56D}.Debug|Any CPU.ActiveCfg = Debug|Any CPU
		{C2AE0192-0BF5-4F2C-91DE-84691174A56D}.Debug|Any CPU.Build.0 = Debug|Any CPU
		{C2AE0192-0BF5-4F2C-91DE-84691174A56D}.Release|Any CPU.ActiveCfg = Release|Any CPU
		{C2AE0192-0BF5-4F2C-91DE-84691174A56D}.Release|Any CPU.Build.0 = Release|Any CPU
	EndGlobalSection
	GlobalSection(SolutionProperties) = preSolution
		HideSolutionNode = FALSE
	EndGlobalSection
	GlobalSection(ExtensibilityGlobals) = postSolution
		SolutionGuid = {E13E6CF1-9AC8-4451-B46D-136D34A934C2}
	EndGlobalSection
EndGlobal
